
Microsoft Visual Studio Solution File, Format Version 12.00
# Visual Studio 15
VisualStudioVersion = 15.0.28307.1000
MinimumVisualStudioVersion = 10.0.40219.1
Project("{FAE04EC0-301F-11D3-BF4B-00C04F79EFBC}") = "Assignment 1", "Assignment 1\Assignment 1.csproj", "{65D39327-E125-4787-92A6-E11B62E69259}"
EndProject
Global
	GlobalSection(SolutionConfigurationPlatforms) = preSolution
		Debug|Any CPU = Debug|Any CPU
		Release|Any CPU = Release|Any CPU
	EndGlobalSection
	GlobalSection(ProjectConfigurationPlatforms) = postSolution
		{65D39327-E125-4787-92A6-E11B62E69259}.Debug|Any CPU.ActiveCfg = Debug|Any CPU
		{65D39327-E125-4787-92A6-E11B62E69259}.Debug|Any CPU.Build.0 = Debug|Any CPU
		{65D39327-E125-4787-92A6-E11B62E69259}.Release|Any CPU.ActiveCfg = Release|Any CPU
		{65D39327-E125-4787-92A6-E11B62E69259}.Release|Any CPU.Build.0 = Release|Any CPU
	EndGlobalSection
	GlobalSection(SolutionProperties) = preSolution
		HideSolutionNode = FALSE
	EndGlobalSection
	GlobalSection(ExtensibilityGlobals) = postSolution
		SolutionGuid = {6A54E3E6-6C4B-49D1-AA61-4C34C12EEF3F}
	EndGlobalSection
EndGlobal
